
Microsoft Visual Studio Solution File, Format Version 12.00
# Visual Studio Version 17
VisualStudioVersion = 17.0.32112.339
MinimumVisualStudioVersion = 10.0.40219.1
Project("{FAE04EC0-301F-11D3-BF4B-00C04F79EFBC}") = "EFCoreExample", "EFCoreExample\EFCoreExample.csproj", "{30A37FEB-C810-4C4C-8E5F-E3D45555B575}"
EndProject
Global
	GlobalSection(SolutionConfigurationPlatforms) = preSolution
		Debug|Any CPU = Debug|Any CPU
		Release|Any CPU = Release|Any CPU
	EndGlobalSection
	GlobalSection(ProjectConfigurationPlatforms) = postSolution
		{30A37FEB-C810-4C4C-8E5F-E3D45555B575}.Debug|Any CPU.ActiveCfg = Debug|Any CPU
		{30A37FEB-C810-4C4C-8E5F-E3D45555B575}.Debug|Any CPU.Build.0 = Debug|Any CPU
		{30A37FEB-C810-4C4C-8E5F-E3D45555B575}.Release|Any CPU.ActiveCfg = Release|Any CPU
		{30A37FEB-C810-4C4C-8E5F-E3D45555B575}.Release|Any CPU.Build.0 = Release|Any CPU
	EndGlobalSection
	GlobalSection(SolutionProperties) = preSolution
		HideSolutionNode = FALSE
	EndGlobalSection
	GlobalSection(ExtensibilityGlobals) = postSolution
		SolutionGuid = {CB962E66-E958-4BB4-844A-D67306BAE029}
	EndGlobalSection
EndGlobal
